# THIS IS AN AUTOGENERATED FILE. DO NOT EDIT THIS FILE DIRECTLY.
# yarn lockfile v1


fp-ts@^2.16.2:
  version "2.16.2"
  resolved "https://registry.yarnpkg.com/fp-ts/-/fp-ts-2.16.2.tgz#7faa90f6fc2e8cf84c711d2c4e606afe2be9e342"
  integrity sha512-CkqAjnIKFqvo3sCyoBTqgJvF+bHrSik584S9nhTjtBESLx26cbtVMR/T9a6ApChOcSDAaM3JydDmWDUn4EEXng==

rambda@^8.6.0:
  version "8.6.0"
  resolved "https://registry.yarnpkg.com/rambda/-/rambda-8.6.0.tgz#1c5d79c3c780b63f349e37103d08f88ff30d3865"
  integrity sha512-Ax+/bAcV2h4wINXx6wm0792G5uXZAl78rzhei+FqmHezg45vbeTUyDAmDNbSdjNOL6LGN8AUEvzaYD7oO5eYrw==
