# THIS IS AN AUTOGENERATED FILE. DO NOT EDIT THIS FILE DIRECTLY.
# yarn lockfile v1


"@cliqz/adblocker-content@^1.23.6", "@cliqz/adblocker-content@^1.23.8", "@cliqz/adblocker-content@^1.23.9":
  version "1.23.9"
  resolved "https://registry.yarnpkg.com/@cliqz/adblocker-content/-/adblocker-content-1.23.9.tgz#a693d1f497804130147e789cdc7d92e1b5933789"
  integrity sha512-5FGYew0mfxi6usvT22HcatD/MDYWs9VfRWdqpeNoRs1D566/N82Y5Vcb2BzGDCy6hekBEVdKBxrAD4OdTuBmLg==
  dependencies:
    "@cliqz/adblocker-extended-selectors" "^1.23.9"

"@cliqz/adblocker-extended-selectors@^1.23.9":
  version "1.23.9"
  resolved "https://registry.yarnpkg.com/@cliqz/adblocker-extended-selectors/-/adblocker-extended-selectors-1.23.9.tgz#86ad42bbc59e224840735d9de1d2e9568911b5cd"
  integrity sha512-qYhWCHCGxYXy3bgiju8KdARTWRM7zGL2fU1wDzTo6fjuKjfDz9EZS6wMn0+5t6cQsuLIbMPz8kbU/fKQvQ/r4Q==

"@cliqz/adblocker-playwright@1.23.6":
  version "1.23.6"
  resolved "https://registry.yarnpkg.com/@cliqz/adblocker-playwright/-/adblocker-playwright-1.23.6.tgz#73f812bcee9bb15b4b807d5a93554fb72b2dfd97"
  integrity sha512-kwmij8wjF2sGu94t5J+jLa3XDkHfEkKMgSX9hPdrmpBbxD4W4xSWmzaCW8x9bFDBy061ICfHeTVCoZaSi1Fg8g==
  dependencies:
    "@cliqz/adblocker" "^1.23.6"
    "@cliqz/adblocker-content" "^1.23.6"
    tldts-experimental "^5.6.21"

"@cliqz/adblocker-playwright@1.23.8":
  version "1.23.8"
  resolved "https://registry.yarnpkg.com/@cliqz/adblocker-playwright/-/adblocker-playwright-1.23.8.tgz#618a951983a32d0a4472a553f3f8d8bcedb68494"
  integrity sha512-q4kDSk7CrWxdOBZ3hX3cUnnl+ipIf3q1xjkHYnDRorl05Q5Z8kPO+D5GPsHdMnLnrr/bYqX/pmLnWMU8/1n3lg==
  dependencies:
    "@cliqz/adblocker" "^1.23.8"
    "@cliqz/adblocker-content" "^1.23.8"
    tldts-experimental "^5.6.21"

"@cliqz/adblocker@^1.23.6", "@cliqz/adblocker@^1.23.8":
  version "1.23.9"
  resolved "https://registry.yarnpkg.com/@cliqz/adblocker/-/adblocker-1.23.9.tgz#336ae69bbc997bc81476da141e9201af32f15152"
  integrity sha512-TeXjDa9qkVOntmbu9W8VTmsrLoDlcHf7xPsptKgsfkRr+m/VFAK38EyjkA6YBNrjU/A5JT6DRYg+IXu/0vpHbQ==
  dependencies:
    "@cliqz/adblocker-content" "^1.23.9"
    "@cliqz/adblocker-extended-selectors" "^1.23.9"
    "@remusao/guess-url-type" "^1.1.2"
    "@remusao/small" "^1.1.2"
    "@remusao/smaz" "^1.7.1"
    "@types/chrome" "^0.0.193"
    "@types/firefox-webext-browser" "^94.0.0"
    tldts-experimental "^5.6.21"

"@remusao/guess-url-type@^1.1.2":
  version "1.2.1"
  resolved "https://registry.yarnpkg.com/@remusao/guess-url-type/-/guess-url-type-1.2.1.tgz#b3e7c32abdf98d0fb4f93cc67cad580b5fe4ba57"
  integrity sha512-rbOqre2jW8STjheOsOaQHLgYBaBZ9Owbdt8NO7WvNZftJlaG3y/K9oOkl8ZUpuFBisIhmBuMEW6c+YrQl5inRA==

"@remusao/small@^1.1.2":
  version "1.2.1"
  resolved "https://registry.yarnpkg.com/@remusao/small/-/small-1.2.1.tgz#63bfe4548832289f94ac868a0c305970c9a0e5f9"
  integrity sha512-7MjoGt0TJMVw1GPKgWq6SJPws1SLsUXQRa43Umht+nkyw2jnpy3WpiLNqGdwo5rHr5Wp9B2W/Pm5RQp656UJdw==

"@remusao/smaz-compress@^1.9.1":
  version "1.9.1"
  resolved "https://registry.yarnpkg.com/@remusao/smaz-compress/-/smaz-compress-1.9.1.tgz#fc75eaf9bcac2d58bc4c3d518183a7cb9612d275"
  integrity sha512-E2f48TwloQu3r6BdLOGF2aczeH7bJ/32oJGqvzT9SKur0cuUnLcZ7ZXP874E2fwmdE+cXzfC7bKzp79cDnmeyw==
  dependencies:
    "@remusao/trie" "^1.4.1"

"@remusao/smaz-decompress@^1.9.1":
  version "1.9.1"
  resolved "https://registry.yarnpkg.com/@remusao/smaz-decompress/-/smaz-decompress-1.9.1.tgz#8094f997e8fb591a678cda9cf08c209c825eba5b"
  integrity sha512-TfjKKprYe3n47od8auhvJ/Ikj9kQTbDTe71ynKlxslrvvUhlIV3VQSuwYuMWMbdz1fIs0H/fxCN1Z8/H3km6/A==

"@remusao/smaz@^1.7.1":
  version "1.9.1"
  resolved "https://registry.yarnpkg.com/@remusao/smaz/-/smaz-1.9.1.tgz#a2b9b045385f81e1615a68d932b7cc8b04c9db8d"
  integrity sha512-e6BLuP8oaXCZ9+v46Is4ilAZ/Vq6YLgmBP204Ixgk1qTjXmqvFYG7+AS7v9nsZdGOy96r9DWGFbbDVgMxwu1rA==
  dependencies:
    "@remusao/smaz-compress" "^1.9.1"
    "@remusao/smaz-decompress" "^1.9.1"

"@remusao/trie@^1.4.1":
  version "1.4.1"
  resolved "https://registry.yarnpkg.com/@remusao/trie/-/trie-1.4.1.tgz#755d09f8a007476334e611f42719b2d581f00720"
  integrity sha512-yvwa+aCyYI/UjeD39BnpMypG8N06l86wIDW1/PAc6ihBRnodIfZDwccxQN3n1t74wduzaz74m4ZMHZnB06567Q==

"@types/chrome@^0.0.193":
  version "0.0.193"
  resolved "https://registry.yarnpkg.com/@types/chrome/-/chrome-0.0.193.tgz#cd0dc5033f27a243d228aebe566c3ec19ef17e36"
  integrity sha512-R8C84oqvk8A8C8G1viBd8qLpDr86Y/jwD+KLgzUekbIT9RGds6a9GnlQyg8P7ltnGogTMHkiEQK0ZlcrvTeo3Q==
  dependencies:
    "@types/filesystem" "*"
    "@types/har-format" "*"

"@types/filesystem@*":
  version "0.0.32"
  resolved "https://registry.yarnpkg.com/@types/filesystem/-/filesystem-0.0.32.tgz#307df7cc084a2293c3c1a31151b178063e0a8edf"
  integrity sha512-Yuf4jR5YYMR2DVgwuCiP11s0xuVRyPKmz8vo6HBY3CGdeMj8af93CFZX+T82+VD1+UqHOxTq31lO7MI7lepBtQ==
  dependencies:
    "@types/filewriter" "*"

"@types/filewriter@*":
  version "0.0.29"
  resolved "https://registry.yarnpkg.com/@types/filewriter/-/filewriter-0.0.29.tgz#a48795ecadf957f6c0d10e0c34af86c098fa5bee"
  integrity sha512-BsPXH/irW0ht0Ji6iw/jJaK8Lj3FJemon2gvEqHKpCdDCeemHa+rI3WBGq5z7cDMZgoLjY40oninGxqk+8NzNQ==

"@types/firefox-webext-browser@^94.0.0":
  version "94.0.1"
  resolved "https://registry.yarnpkg.com/@types/firefox-webext-browser/-/firefox-webext-browser-94.0.1.tgz#52afb975253dc0fd350d5d58c7fe9fd1a01f64a1"
  integrity sha512-I6iHRQJSTZ+gYt2IxdH2RRAMvcUyK8v5Ig7fHQR0IwUNYP7hz9+cziBVIKxLCO6XI7fiyRsNOWObfl3/4Js2Lg==

"@types/har-format@*":
  version "1.2.8"
  resolved "https://registry.yarnpkg.com/@types/har-format/-/har-format-1.2.8.tgz#e6908b76d4c88be3db642846bb8b455f0bfb1c4e"
  integrity sha512-OP6L9VuZNdskgNN3zFQQ54ceYD8OLq5IbqO4VK91ORLfOm7WdT/CiT/pHEBSQEqCInJ2y3O6iCm/zGtPElpgJQ==

asynckit@^0.4.0:
  version "0.4.0"
  resolved "https://registry.yarnpkg.com/asynckit/-/asynckit-0.4.0.tgz#c79ed97f7f34cb8f2ba1bc9790bcc366474b4b79"
  integrity sha512-Oei9OH4tRh0YqU3GxhX79dM/mwVgvbZJaSNaRk+bshkj0S5cfHcgYakreBjrHwatXKbz+IoIdYLxrKim2MjW0Q==

axios@0.27.2:
  version "0.27.2"
  resolved "https://registry.yarnpkg.com/axios/-/axios-0.27.2.tgz#207658cc8621606e586c85db4b41a750e756d972"
  integrity sha512-t+yRIyySRTp/wua5xEr+z1q60QmLq8ABsS5O9Me1AsE5dfKqgnCFzwiCZZ/cGNd1lq4/7akDWMxdhVlucjmnOQ==
  dependencies:
    follow-redirects "^1.14.9"
    form-data "^4.0.0"

build-stars-of@0.14.0:
  version "0.14.0"
  resolved "https://registry.yarnpkg.com/build-stars-of/-/build-stars-of-0.14.0.tgz#93b1590ed4f47a51a5bdb6a53fab88affb0250b2"
  integrity sha512-5BLumEMtR/6MvavoLVsvbpifC5gfTOpOHfDaetd59ekEAsLGgZCG00yWrfZ4O6v31PbsyY/QB6GTY7zWv7Tw3Q==
  dependencies:
    esm "3.2.25"
    fs-extra "10.1.0"
    github-api-fn "0.5.0"
    rambdax "8.1.0"
    sort-used-by "0.10.0"
    string-fn "3.1.0"

combined-stream@^1.0.8:
  version "1.0.8"
  resolved "https://registry.yarnpkg.com/combined-stream/-/combined-stream-1.0.8.tgz#c3d45a8b34fd730631a110a8a2520682b31d5a7f"
  integrity sha512-FQN4MRfuJeHf7cBbBMJFXhKSDq+2kAArBlmRBvcvFE5BB1HZKXtSFASDhdlz9zOYwxh8lDdnvmMOe/+5cdoEdg==
  dependencies:
    delayed-stream "~1.0.0"

cross-fetch@3.1.5:
  version "3.1.5"
  resolved "https://registry.yarnpkg.com/cross-fetch/-/cross-fetch-3.1.5.tgz#e1389f44d9e7ba767907f7af8454787952ab534f"
  integrity sha512-lvb1SBsI0Z7GDwmuid+mU3kWVBwTVUbe7S0H52yaaAdQOXq2YktTCZdlAcNKFzE6QtRz0snpw9bNiPeOIkkQvw==
  dependencies:
    node-fetch "2.6.7"

dayjs@1.11.5:
  version "1.11.5"
  resolved "https://registry.yarnpkg.com/dayjs/-/dayjs-1.11.5.tgz#00e8cc627f231f9499c19b38af49f56dc0ac5e93"
  integrity sha512-CAdX5Q3YW3Gclyo5Vpqkgpj8fSdLQcRuzfX6mC6Phy0nfJ0eGYOeS7m4mt2plDWLAtA4TqTakvbboHvUxfe4iA==

delayed-stream@~1.0.0:
  version "1.0.0"
  resolved "https://registry.yarnpkg.com/delayed-stream/-/delayed-stream-1.0.0.tgz#df3ae199acadfb7d440aaae0b29e2272b24ec619"
  integrity sha512-ZySD7Nf91aLB0RxL4KGrKHBXl7Eds1DAmEdcoVawXnLD7SDhpNgtuII2aAkg7a7QS41jxPSZ17p4VdGnMHk3MQ==

env-fn@2.2.0:
  version "2.2.0"
  resolved "https://registry.yarnpkg.com/env-fn/-/env-fn-2.2.0.tgz#30288cd0294bcc8ac76f2ec9c71ec6ddb2736c43"
  integrity sha512-hdR0Dpguc2GTA/d1lu7nBgze6gXB/bXkmN1nW6zlaRmRsw8mK4vTNuE0o4bbR0NfXTzgI7mecdGiHsqZRAeO9w==
  dependencies:
    rambda "6.4.0"

esm@3.2.25:
  version "3.2.25"
  resolved "https://registry.yarnpkg.com/esm/-/esm-3.2.25.tgz#342c18c29d56157688ba5ce31f8431fbb795cc10"
  integrity sha512-U1suiZ2oDVWv4zPO56S0NcR5QriEahGtdN2OR6FiOG4WJvcjBVFB0qI4+eKoWFH483PKGuLuu6V8Z4T5g63UVA==

follow-redirects@^1.14.9:
  version "1.15.1"
  resolved "https://registry.yarnpkg.com/follow-redirects/-/follow-redirects-1.15.1.tgz#0ca6a452306c9b276e4d3127483e29575e207ad5"
  integrity sha512-yLAMQs+k0b2m7cVxpS1VKJVvoz7SS9Td1zss3XRwXj+ZDH00RJgnuLx7E44wx02kQLrdM3aOOy+FpzS7+8OizA==

form-data@^4.0.0:
  version "4.0.0"
  resolved "https://registry.yarnpkg.com/form-data/-/form-data-4.0.0.tgz#93919daeaf361ee529584b9b31664dc12c9fa452"
  integrity sha512-ETEklSGi5t0QMZuiXoA/Q6vcnxcLQP5vdugSpuAyi6SVGi2clPPp+xgEhuMaHC+zGgn31Kd235W35f7Hykkaww==
  dependencies:
    asynckit "^0.4.0"
    combined-stream "^1.0.8"
    mime-types "^2.1.12"

fs-extra@10.1.0:
  version "10.1.0"
  resolved "https://registry.yarnpkg.com/fs-extra/-/fs-extra-10.1.0.tgz#02873cfbc4084dde127eaa5f9905eef2325d1abf"
  integrity sha512-oRXApq54ETRj4eMiFzGnHWGy+zo5raudjuxN0b8H7s/RU2oW0Wvsx9O0ACRN/kRq9E8Vu/ReskGB5o3ji+FzHQ==
  dependencies:
    graceful-fs "^4.2.0"
    jsonfile "^6.0.1"
    universalify "^2.0.0"

github-api-fn@0.5.0:
  version "0.5.0"
  resolved "https://registry.yarnpkg.com/github-api-fn/-/github-api-fn-0.5.0.tgz#ebeb172570e31c775797ec8d0e30e3f71fc9d160"
  integrity sha512-jfwRiX22/qf0Y+JA3tw1wYx4ymR2jxN0LfQeNuP7W16hrlZ+qkHfq0dIfhYjf1p3Bla5h4HSQL/DmLvzMvDxXg==
  dependencies:
    axios "0.27.2"
    dayjs "1.11.5"
    fs-extra "10.1.0"
    rambdax "8.1.0"

graceful-fs@^4.1.6, graceful-fs@^4.2.0:
  version "4.2.10"
  resolved "https://registry.yarnpkg.com/graceful-fs/-/graceful-fs-4.2.10.tgz#147d3a006da4ca3ce14728c7aefc287c367d7a6c"
  integrity sha512-9ByhssR2fPVsNZj478qUUbKfmL0+t5BDVyjShtyZZLiK7ZDAArFFfopyOTj0M05wE2tJPisA4iTnnXl2YoPvOA==

jsonfile@^6.0.1:
  version "6.1.0"
  resolved "https://registry.yarnpkg.com/jsonfile/-/jsonfile-6.1.0.tgz#bc55b2634793c679ec6403094eb13698a6ec0aae"
  integrity sha512-5dgndWOriYSm5cnYaJNhalLNDKOqFwyDB/rr1E9ZsGciGvKPs8R2xYGCacuf3z6K1YKDz182fd+fY3cn3pMqXQ==
  dependencies:
    universalify "^2.0.0"
  optionalDependencies:
    graceful-fs "^4.1.6"

mime-db@1.52.0:
  version "1.52.0"
  resolved "https://registry.yarnpkg.com/mime-db/-/mime-db-1.52.0.tgz#bbabcdc02859f4987301c856e3387ce5ec43bf70"
  integrity sha512-sPU4uV7dYlvtWJxwwxHD0PuihVNiE7TyAbQ5SWxDCB9mUYvOgroQOwYQQOKPJ8CIbE+1ETVlOoK1UC2nU3gYvg==

mime-types@^2.1.12:
  version "2.1.35"
  resolved "https://registry.yarnpkg.com/mime-types/-/mime-types-2.1.35.tgz#381a871b62a734450660ae3deee44813f70d959a"
  integrity sha512-ZDY+bPm5zTTF+YpCrAU9nK0UgICYPT0QtT1NZWFv4s++TNkcgVaT0g6+4R2uI4MjQjzysHB1zxuWL50hzaeXiw==
  dependencies:
    mime-db "1.52.0"

node-fetch@2.6.7:
  version "2.6.7"
  resolved "https://registry.yarnpkg.com/node-fetch/-/node-fetch-2.6.7.tgz#24de9fba827e3b4ae44dc8b20256a379160052ad"
  integrity sha512-ZjMPFEfVx5j+y2yF35Kzx5sF7kDzxuDj6ziH4FFbOp87zKDZNx8yExJIb05OGF4Nlt9IHFIMBkRl41VdvcNdbQ==
  dependencies:
    whatwg-url "^5.0.0"

playwright-core@1.25.0:
  version "1.25.0"
  resolved "https://registry.yarnpkg.com/playwright-core/-/playwright-core-1.25.0.tgz#54dc867c6c2cc5e4233905e249206a02914d14f1"
  integrity sha512-kZ3Jwaf3wlu0GgU0nB8UMQ+mXFTqBIFz9h1svTlNduNKjnbPXFxw7mJanLVjqxHJRn62uBfmgBj93YHidk2N5Q==

playwright-init@0.6.0:
  version "0.6.0"
  resolved "https://registry.yarnpkg.com/playwright-init/-/playwright-init-0.6.0.tgz#52f3d15749866557a8e816774cdf4d5daeb39b23"
  integrity sha512-JluQaDmHNOoS9rG2yDde8Q8HBHSFpOJYPQ2e5zVEiPVBONVZlaRfMCqK9cR5SMJaeSCCdi7Tj5dtnqZUAMaLxw==
  dependencies:
    "@cliqz/adblocker-playwright" "1.23.6"
    cross-fetch "3.1.5"

playwright-init@0.7.0:
  version "0.7.0"
  resolved "https://registry.yarnpkg.com/playwright-init/-/playwright-init-0.7.0.tgz#0b11e37da7227850099faf3c6d2ef140c1901b36"
  integrity sha512-Hcx/UZ15BeVRh7jlMy+Kr5QHd8AfwfBtIuuxSE8ZwebzOQs1YN9NoQR/SYBfGMFgAn4onSRMvJ0ZvPKy/Uzexg==
  dependencies:
    "@cliqz/adblocker-playwright" "1.23.8"
    cross-fetch "3.1.5"

playwright-wrap@0.13.0:
  version "0.13.0"
  resolved "https://registry.yarnpkg.com/playwright-wrap/-/playwright-wrap-0.13.0.tgz#b854e50add3fd0710caf689b7bdbfbf98e037a84"
  integrity sha512-xzHCT1Ff1SEuMRxWKZQEC3JSI8vDL2LBUQo3HiOIhpPUR0rFou4fcLjRWA+7CQbHM3llHsv32Ut+l2a8OnkeZw==
  dependencies:
    playwright-init "0.6.0"
    rambdax "8.1.0"
    string-fn "3.1.0"

playwright@1.25.0:
  version "1.25.0"
  resolved "https://registry.yarnpkg.com/playwright/-/playwright-1.25.0.tgz#a5e317c8c207b921e7da17507ef9ec2983367970"
  integrity sha512-Z+pQNWI17Qx/tHhnmgMmPsptsisXpKgAnUvYv98kctlHUJaqMt2400P8kTw9vEPoC0xdxqu0JhxO7pDTmaaIKw==
  dependencies:
    playwright-core "1.25.0"

rambda@6.4.0:
  version "6.4.0"
  resolved "https://registry.yarnpkg.com/rambda/-/rambda-6.4.0.tgz#bf080047b03d8d2c72e3ce5c17c603517a65749a"
  integrity sha512-aBoE7YrGQP1xnxjyg5fhupfS+FTrDVjZMtwpezl15RKLNnKLOYDfjx/0xDE+8GyWbbZfODRkAOZmnpvxrAONbQ==

rambdax@7.0.1:
  version "7.0.1"
  resolved "https://registry.yarnpkg.com/rambdax/-/rambdax-7.0.1.tgz#6a1b3184abcf4cf6df5dffc27fc0d71100aa21ec"
  integrity sha512-Xrrp45dg1PLt40LMcjfNyVDcPBndzpR2t+AXGAcc9iqU9lD9bnk/b1B+n4W5tFXoSKDmZmgckcA8ajgVzbtxGA==

rambdax@8.1.0:
  version "8.1.0"
  resolved "https://registry.yarnpkg.com/rambdax/-/rambdax-8.1.0.tgz#1737feb9ae33d184b1db85832dd1972b819e2630"
  integrity sha512-8TQS3jorlSSubddKTyVrsp9mevF2WMBtdEPjp9Bk8ipVijD5/9gVXGgBF4d0JzO6kzegCFYWANrbHLyKLE6YVA==

sort-used-by@0.10.0:
  version "0.10.0"
  resolved "https://registry.yarnpkg.com/sort-used-by/-/sort-used-by-0.10.0.tgz#9014b037ccfdce5bf322c501c2f48603ca721559"
  integrity sha512-XoAFGnA5O7/u3LxoHAEZnqcmVSAApKB1sQZtlcyVmndjiGdaZ/Z5OQTDbb/mH+dlZj4UEZRwvU0wzwn8BlTOPg==
  dependencies:
    fs-extra "10.1.0"
    playwright "1.25.0"
    playwright-init "0.7.0"
    playwright-wrap "0.13.0"
    rambdax "8.1.0"

string-fn@3.1.0:
  version "3.1.0"
  resolved "https://registry.yarnpkg.com/string-fn/-/string-fn-3.1.0.tgz#bef505074bc0db40ad8085249c1d97b5e30e128e"
  integrity sha512-LFje5UeJH6t0XILNbwjUWctL5aU9yDKz8ILPzKVHDgw6ZGR8ebulvRD0zjUVEGKzCNxi1IzJK63/HR+7Q9HQQQ==
  dependencies:
    rambdax "7.0.1"

tldts-core@^5.7.89:
  version "5.7.89"
  resolved "https://registry.yarnpkg.com/tldts-core/-/tldts-core-5.7.89.tgz#bbbbaf7335025f0a329a0fe4da3eb86e2bfab819"
  integrity sha512-wIXusZkOGcSHCY74yQveoz8EYAFsJQKp9c7xOCSjK7MYwVvLUowjPsWOTkYFg51tGFEGo3ryuUdZjsOJ/6rPPg==

tldts-experimental@^5.6.21:
  version "5.7.89"
  resolved "https://registry.yarnpkg.com/tldts-experimental/-/tldts-experimental-5.7.89.tgz#67463b12a6a3a25f0783223f0a5532ef9cdd1bbd"
  integrity sha512-phIR2uOMjUnPd5XQK8mCTm2HHDKS1H6vO+SaILz993mTkmDL/RRHvT08XSoKHazlAw9xwIbWKyqTOYvcJMftcQ==
  dependencies:
    tldts-core "^5.7.89"

tr46@~0.0.3:
  version "0.0.3"
  resolved "https://registry.yarnpkg.com/tr46/-/tr46-0.0.3.tgz#8184fd347dac9cdc185992f3a6622e14b9d9ab6a"
  integrity sha512-N3WMsuqV66lT30CrXNbEjx4GEwlow3v6rr4mCcv6prnfwhS01rkgyFdjPNBYd9br7LpXV1+Emh01fHnq2Gdgrw==

universalify@^2.0.0:
  version "2.0.0"
  resolved "https://registry.yarnpkg.com/universalify/-/universalify-2.0.0.tgz#75a4984efedc4b08975c5aeb73f530d02df25717"
  integrity sha512-hAZsKq7Yy11Zu1DE0OzWjw7nnLZmJZYTDZZyEFHZdUhV8FkH5MCfoU1XMaxXovpyW5nq5scPqq0ZDP9Zyl04oQ==

webidl-conversions@^3.0.0:
  version "3.0.1"
  resolved "https://registry.yarnpkg.com/webidl-conversions/-/webidl-conversions-3.0.1.tgz#24534275e2a7bc6be7bc86611cc16ae0a5654871"
  integrity sha512-2JAn3z8AR6rjK8Sm8orRC0h/bcl/DqL7tRPdGZ4I1CjdF+EaMLmYxBHyXuKL849eucPFhvBoxMsflfOb8kxaeQ==

whatwg-url@^5.0.0:
  version "5.0.0"
  resolved "https://registry.yarnpkg.com/whatwg-url/-/whatwg-url-5.0.0.tgz#966454e8765462e37644d3626f6742ce8b70965d"
  integrity sha512-saE57nupxk6v3HY35+jzBwYa0rKSy0XR8JSxZPwgLr7ys0IBzhGviA1/TUGJLmSVqs8pb9AnvICXEuOHLprYTw==
  dependencies:
    tr46 "~0.0.3"
    webidl-conversions "^3.0.0"
