# THIS IS AN AUTOGENERATED FILE. DO NOT EDIT THIS FILE DIRECTLY.
# yarn lockfile v1


denque@^1.4.1:
  version "1.4.1"
  resolved "https://registry.yarnpkg.com/denque/-/denque-1.4.1.tgz#6744ff7641c148c3f8a69c307e51235c1f4a37cf"
  integrity sha512-OfzPuSZKGcgr96rf1oODnfjqBFmr1DVoc/TrItj3Ohe0Ah1C5WX5Baquw/9U9KovnQ88EqmJbD66rKYUQYN1tQ==

env-fn@2.1.1:
  version "2.1.1"
  resolved "https://registry.yarnpkg.com/env-fn/-/env-fn-2.1.1.tgz#e62a433535d2e009022a83bc636f4db228dbfc60"
  integrity sha512-RWJVEd6ZOhx8hnISCg3fHejkIgI5LD2ZHhCl4Iztli4J08fWQxePMG3f0pNrfpK0ISPrycTAc6UFUDxjQyNmOA==
  dependencies:
    rambda "5.7.0"

rambda@5.7.0:
  version "5.7.0"
  resolved "https://registry.yarnpkg.com/rambda/-/rambda-5.7.0.tgz#1c051e2659549f9bcb1679ec3e84c106a4c010c7"
  integrity sha512-DSranSh0/58bayUCkYyCiuvuSJND4X+di+6CZRko7LPf/Jz7HuGaSz24j5r8YQ39S5L5olqT/QQU8pN2Y8HKaA==

rambdax@5.1.0:
  version "5.1.0"
  resolved "https://registry.yarnpkg.com/rambdax/-/rambdax-5.1.0.tgz#a232d3ab84fdad4c27bbfccdb37a8a8877f78794"
  integrity sha512-zd5gaAza8e/fnqNkroL5ebOoihB1k8mwQAj1FlWillfmGDoFDI7QD6NZygcRgQMI4R/cXK/YjdZjWiwXqatKLQ==

redis-commands@^1.5.0:
  version "1.6.0"
  resolved "https://registry.yarnpkg.com/redis-commands/-/redis-commands-1.6.0.tgz#36d4ca42ae9ed29815cdb30ad9f97982eba1ce23"
  integrity sha512-2jnZ0IkjZxvguITjFTrGiLyzQZcTvaw8DAaCXxZq/dsHXz7KfMQ3OUJy7Tz9vnRtZRVz6VRCPDvruvU8Ts44wQ==

redis-errors@^1.0.0, redis-errors@^1.2.0:
  version "1.2.0"
  resolved "https://registry.yarnpkg.com/redis-errors/-/redis-errors-1.2.0.tgz#eb62d2adb15e4eaf4610c04afe1529384250abad"
  integrity sha1-62LSrbFeTq9GEMBK/hUpOEJQq60=

redis-parser@^3.0.0:
  version "3.0.0"
  resolved "https://registry.yarnpkg.com/redis-parser/-/redis-parser-3.0.0.tgz#b66d828cdcafe6b4b8a428a7def4c6bcac31c8b4"
  integrity sha1-tm2CjNyv5rS4pCin3vTGvKwxyLQ=
  dependencies:
    redis-errors "^1.0.0"

redis@3.0.2:
  version "3.0.2"
  resolved "https://registry.yarnpkg.com/redis/-/redis-3.0.2.tgz#bd47067b8a4a3e6a2e556e57f71cc82c7360150a"
  integrity sha512-PNhLCrjU6vKVuMOyFu7oSP296mwBkcE6lrAjruBYG5LgdSqtRBoVQIylrMyVZD/lkF24RSNNatzvYag6HRBHjQ==
  dependencies:
    denque "^1.4.1"
    redis-commands "^1.5.0"
    redis-errors "^1.2.0"
    redis-parser "^3.0.0"
