# THIS IS AN AUTOGENERATED FILE. DO NOT EDIT THIS FILE DIRECTLY.
# yarn lockfile v1


rambda@6.4.0:
  version "6.4.0"
  resolved "https://registry.yarnpkg.com/rambda/-/rambda-6.4.0.tgz#bf080047b03d8d2c72e3ce5c17c603517a65749a"
  integrity sha512-aBoE7YrGQP1xnxjyg5fhupfS+FTrDVjZMtwpezl15RKLNnKLOYDfjx/0xDE+8GyWbbZfODRkAOZmnpvxrAONbQ==
